// !$*UTF8*$!
{
	archiveVersion = 1;
	classes = {
	};
	objectVersion = 50;
	objects = {

/* Begin PBXBuildFile section */
		34209FB2EEFEC4892C505455 /* libPods-Hiragana.a in Frameworks */ = {isa = PBXBuildFile; fileRef = 8DD138100D389B2E90BE63BA /* libPods-Hiragana.a */; };
		C098E56823344CA500D79C22 /* AppDelegate.swift in Sources */ = {isa = PBXBuildFile; fileRef = C098E56723344CA500D79C22 /* AppDelegate.swift */; };
		C098E56A23344CA500D79C22 /* ViewController.swift in Sources */ = {isa = PBXBuildFile; fileRef = C098E56923344CA500D79C22 /* ViewController.swift */; };
		C098E56D23344CA500D79C22 /* Main.storyboard in Resources */ = {isa = PBXBuildFile; fileRef = C098E56B23344CA500D79C22 /* Main.storyboard */; };
		C098E57023344CA500D79C22 /* Hiragana.xcdatamodeld in Sources */ = {isa = PBXBuildFile; fileRef = C098E56E23344CA500D79C22 /* Hiragana.xcdatamodeld */; };
		C098E57223344CA600D79C22 /* Assets.xcassets in Resources */ = {isa = PBXBuildFile; fileRef = C098E57123344CA600D79C22 /* Assets.xcassets */; };
		C098E57523344CA600D79C22 /* LaunchScreen.storyboard in Resources */ = {isa = PBXBuildFile; fileRef = C098E57323344CA600D79C22 /* LaunchScreen.storyboard */; };
		C098E58023344CA700D79C22 /* HiraganaTests.swift in Sources */ = {isa = PBXBuildFile; fileRef = C098E57F23344CA700D79C22 /* HiraganaTests.swift */; };
		C098E58B233452CC00D79C22 /* HiraganaViewController.swift in Sources */ = {isa = PBXBuildFile; fileRef = C098E58A233452CC00D79C22 /* HiraganaViewController.swift */; };
/* End PBXBuildFile section */

/* Begin PBXContainerItemProxy section */
		C098E57C23344CA700D79C22 /* PBXContainerItemProxy */ = {
			isa = PBXContainerItemProxy;
			containerPortal = C098E55C23344CA500D79C22 /* Project object */;
			proxyType = 1;
			remoteGlobalIDString = C098E56323344CA500D79C22;
			remoteInfo = Hiragana;
		};
/* End PBXContainerItemProxy section */

/* Begin PBXFileReference section */
		2A93578794B7386EF073DD8C /* Pods-Hiragana.release.xcconfig */ = {isa = PBXFileReference; includeInIndex = 1; lastKnownFileType = text.xcconfig; name = "Pods-Hiragana.release.xcconfig"; path = "Target Support Files/Pods-Hiragana/Pods-Hiragana.release.xcconfig"; sourceTree = "<group>"; };
		8DD138100D389B2E90BE63BA /* libPods-Hiragana.a */ = {isa = PBXFileReference; explicitFileType = archive.ar; includeInIndex = 0; path = "libPods-Hiragana.a"; sourceTree = BUILT_PRODUCTS_DIR; };
		94B03560C09E5661F944F380 /* Pods-Hiragana.debug.xcconfig */ = {isa = PBXFileReference; includeInIndex = 1; lastKnownFileType = text.xcconfig; name = "Pods-Hiragana.debug.xcconfig"; path = "Target Support Files/Pods-Hiragana/Pods-Hiragana.debug.xcconfig"; sourceTree = "<group>"; };
		BFBBE98B948CF4F31EF72FBB /* Pods_HiraganaTests.framework */ = {isa = PBXFileReference; explicitFileType = wrapper.framework; includeInIndex = 0; path = Pods_HiraganaTests.framework; sourceTree = BUILT_PRODUCTS_DIR; };
		C098E56423344CA500D79C22 /* Hiragana.app */ = {isa = PBXFileReference; explicitFileType = wrapper.application; includeInIndex = 0; path = Hiragana.app; sourceTree = BUILT_PRODUCTS_DIR; };
		C098E56723344CA500D79C22 /* AppDelegate.swift */ = {isa = PBXFileReference; lastKnownFileType = sourcecode.swift; path = AppDelegate.swift; sourceTree = "<group>"; };
		C098E56923344CA500D79C22 /* ViewController.swift */ = {isa = PBXFileReference; lastKnownFileType = sourcecode.swift; path = ViewController.swift; sourceTree = "<group>"; };
		C098E56C23344CA500D79C22 /* Base */ = {isa = PBXFileReference; lastKnownFileType = file.storyboard; name = Base; path = Base.lproj/Main.storyboard; sourceTree = "<group>"; };
		C098E56F23344CA500D79C22 /* Hiragana.xcdatamodel */ = {isa = PBXFileReference; lastKnownFileType = wrapper.xcdatamodel; path = Hiragana.xcdatamodel; sourceTree = "<group>"; };
		C098E57123344CA600D79C22 /* Assets.xcassets */ = {isa = PBXFileReference; lastKnownFileType = folder.assetcatalog; path = Assets.xcassets; sourceTree = "<group>"; };
		C098E57423344CA600D79C22 /* Base */ = {isa = PBXFileReference; lastKnownFileType = file.storyboard; name = Base; path = Base.lproj/LaunchScreen.storyboard; sourceTree = "<group>"; };
		C098E57623344CA600D79C22 /* Info.plist */ = {isa = PBXFileReference; lastKnownFileType = text.plist.xml; path = Info.plist; sourceTree = "<group>"; };
		C098E57B23344CA700D79C22 /* HiraganaTests.xctest */ = {isa = PBXFileReference; explicitFileType = wrapper.cfbundle; includeInIndex = 0; path = HiraganaTests.xctest; sourceTree = BUILT_PRODUCTS_DIR; };
		C098E57F23344CA700D79C22 /* HiraganaTests.swift */ = {isa = PBXFileReference; lastKnownFileType = sourcecode.swift; path = HiraganaTests.swift; sourceTree = "<group>"; };
		C098E58123344CA700D79C22 /* Info.plist */ = {isa = PBXFileReference; lastKnownFileType = text.plist.xml; path = Info.plist; sourceTree = "<group>"; };
		C098E58A233452CC00D79C22 /* HiraganaViewController.swift */ = {isa = PBXFileReference; lastKnownFileType = sourcecode.swift; path = HiraganaViewController.swift; sourceTree = "<group>"; };
/* End PBXFileReference section */

/* Begin PBXFrameworksBuildPhase section */
		C098E56123344CA500D79C22 /* Frameworks */ = {
			isa = PBXFrameworksBuildPhase;
			buildActionMask = 2147483647;
			files = (
				34209FB2EEFEC4892C505455 /* libPods-Hiragana.a in Frameworks */,
			);
			runOnlyForDeploymentPostprocessing = 0;
		};
		C098E57823344CA700D79C22 /* Frameworks */ = {
			isa = PBXFrameworksBuildPhase;
			buildActionMask = 2147483647;
			files = (
			);
			runOnlyForDeploymentPostprocessing = 0;
		};
/* End PBXFrameworksBuildPhase section */

/* Begin PBXGroup section */
		9E8D9F6DB95A9F5AB7498B6B /* Pods */ = {
			isa = PBXGroup;
			children = (
				94B03560C09E5661F944F380 /* Pods-Hiragana.debug.xcconfig */,
				2A93578794B7386EF073DD8C /* Pods-Hiragana.release.xcconfig */,
			);
			name = Pods;
			path = Pods;
			sourceTree = "<group>";
		};
		B05EA7643009AF77E369F6FB /* Frameworks */ = {
			isa = PBXGroup;
			children = (
				BFBBE98B948CF4F31EF72FBB /* Pods_HiraganaTests.framework */,
				8DD138100D389B2E90BE63BA /* libPods-Hiragana.a */,
			);
			name = Frameworks;
			sourceTree = "<group>";
		};
		C098E55B23344CA500D79C22 = {
			isa = PBXGroup;
			children = (
				C098E56623344CA500D79C22 /* Hiragana */,
				C098E57E23344CA700D79C22 /* HiraganaTests */,
				C098E56523344CA500D79C22 /* Products */,
				9E8D9F6DB95A9F5AB7498B6B /* Pods */,
				B05EA7643009AF77E369F6FB /* Frameworks */,
			);
			sourceTree = "<group>";
		};
		C098E56523344CA500D79C22 /* Products */ = {
			isa = PBXGroup;
			children = (
				C098E56423344CA500D79C22 /* Hiragana.app */,
				C098E57B23344CA700D79C22 /* HiraganaTests.xctest */,
			);
			name = Products;
			sourceTree = "<group>";
		};
		C098E56623344CA500D79C22 /* Hiragana */ = {
			isa = PBXGroup;
			children = (
				C098E56723344CA500D79C22 /* AppDelegate.swift */,
				C098E56923344CA500D79C22 /* ViewController.swift */,
				C098E58A233452CC00D79C22 /* HiraganaViewController.swift */,
				C098E56B23344CA500D79C22 /* Main.storyboard */,
				C098E57123344CA600D79C22 /* Assets.xcassets */,
				C098E57323344CA600D79C22 /* LaunchScreen.storyboard */,
				C098E57623344CA600D79C22 /* Info.plist */,
				C098E56E23344CA500D79C22 /* Hiragana.xcdatamodeld */,
			);
			path = Hiragana;
			sourceTree = "<group>";
		};
		C098E57E23344CA700D79C22 /* HiraganaTests */ = {
			isa = PBXGroup;
			children = (
				C098E57F23344CA700D79C22 /* HiraganaTests.swift */,
				C098E58123344CA700D79C22 /* Info.plist */,
			);
			path = HiraganaTests;
			sourceTree = "<group>";
		};
/* End PBXGroup section */

/* Begin PBXNativeTarget section */
		C098E56323344CA500D79C22 /* Hiragana */ = {
			isa = PBXNativeTarget;
			buildConfigurationList = C098E58423344CA700D79C22 /* Build configuration list for PBXNativeTarget "Hiragana" */;
			buildPhases = (
				886C09EF3EB81B46B62ECD6D /* [CP] Check Pods Manifest.lock */,
				C098E56023344CA500D79C22 /* Sources */,
				C098E56123344CA500D79C22 /* Frameworks */,
				C098E56223344CA500D79C22 /* Resources */,
			);
			buildRules = (
			);
			dependencies = (
			);
			name = Hiragana;
			productName = Hiragana;
			productReference = C098E56423344CA500D79C22 /* Hiragana.app */;
			productType = "com.apple.product-type.application";
		};
		C098E57A23344CA700D79C22 /* HiraganaTests */ = {
			isa = PBXNativeTarget;
			buildConfigurationList = C098E58723344CA700D79C22 /* Build configuration list for PBXNativeTarget "HiraganaTests" */;
			buildPhases = (
				C098E57723344CA700D79C22 /* Sources */,
				C098E57823344CA700D79C22 /* Frameworks */,
				C098E57923344CA700D79C22 /* Resources */,
			);
			buildRules = (
			);
			dependencies = (
				C098E57D23344CA700D79C22 /* PBXTargetDependency */,
			);
			name = HiraganaTests;
			productName = HiraganaTests;
			productReference = C098E57B23344CA700D79C22 /* HiraganaTests.xctest */;
			productType = "com.apple.product-type.bundle.unit-test";
		};
/* End PBXNativeTarget section */

/* Begin PBXProject section */
		C098E55C23344CA500D79C22 /* Project object */ = {
			isa = PBXProject;
			attributes = {
				LastSwiftUpdateCheck = 1030;
				LastUpgradeCheck = 1030;
				ORGANIZATIONNAME = mmk;
				TargetAttributes = {
					C098E56323344CA500D79C22 = {
						CreatedOnToolsVersion = 10.3;
					};
					C098E57A23344CA700D79C22 = {
						CreatedOnToolsVersion = 10.3;
						TestTargetID = C098E56323344CA500D79C22;
					};
				};
			};
			buildConfigurationList = C098E55F23344CA500D79C22 /* Build configuration list for PBXProject "Hiragana" */;
			compatibilityVersion = "Xcode 9.3";
			developmentRegion = en;
			hasScannedForEncodings = 0;
			knownRegions = (
				en,
				Base,
			);
			mainGroup = C098E55B23344CA500D79C22;
			productRefGroup = C098E56523344CA500D79C22 /* Products */;
			projectDirPath = "";
			projectRoot = "";
			targets = (
				C098E56323344CA500D79C22 /* Hiragana */,
				C098E57A23344CA700D79C22 /* HiraganaTests */,
			);
		};
/* End PBXProject section */

/* Begin PBXResourcesBuildPhase section */
		C098E56223344CA500D79C22 /* Resources */ = {
			isa = PBXResourcesBuildPhase;
			buildActionMask = 2147483647;
			files = (
				C098E57523344CA600D79C22 /* LaunchScreen.storyboard in Resources */,
				C098E57223344CA600D79C22 /* Assets.xcassets in Resources */,
				C098E56D23344CA500D79C22 /* Main.storyboard in Resources */,
			);
			runOnlyForDeploymentPostprocessing = 0;
		};
		C098E57923344CA700D79C22 /* Resources */ = {
			isa = PBXResourcesBuildPhase;
			buildActionMask = 2147483647;
			files = (
			);
			runOnlyForDeploymentPostprocessing = 0;
		};
/* End PBXResourcesBuildPhase section */

/* Begin PBXShellScriptBuildPhase section */
		886C09EF3EB81B46B62ECD6D /* [CP] Check Pods Manifest.lock */ = {
			isa = PBXShellScriptBuildPhase;
			buildActionMask = 2147483647;
			files = (
			);
			inputFileListPaths = (
			);
			inputPaths = (
				"${PODS_PODFILE_DIR_PATH}/Podfile.lock",
				"${PODS_ROOT}/Manifest.lock",
			);
			name = "[CP] Check Pods Manifest.lock";
			outputFileListPaths = (
			);
			outputPaths = (
				"$(DERIVED_FILE_DIR)/Pods-Hiragana-checkManifestLockResult.txt",
			);
			runOnlyForDeploymentPostprocessing = 0;
			shellPath = /bin/sh;
			shellScript = "diff \"${PODS_PODFILE_DIR_PATH}/Podfile.lock\" \"${PODS_ROOT}/Manifest.lock\" > /dev/null\nif [ $? != 0 ] ; then\n    # print error to STDERR\n    echo \"error: The sandbox is not in sync with the Podfile.lock. Run 'pod install' or update your CocoaPods installation.\" >&2\n    exit 1\nfi\n# This output is used by Xcode 'outputs' to avoid re-running this script phase.\necho \"SUCCESS\" > \"${SCRIPT_OUTPUT_FILE_0}\"\n";
			showEnvVarsInLog = 0;
		};
/* End PBXShellScriptBuildPhase section */

/* Begin PBXSourcesBuildPhase section */
		C098E56023344CA500D79C22 /* Sources */ = {
			isa = PBXSourcesBuildPhase;
			buildActionMask = 2147483647;
			files = (
				C098E56A23344CA500D79C22 /* ViewController.swift in Sources */,
				C098E58B233452CC00D79C22 /* HiraganaViewController.swift in Sources */,
				C098E56823344CA500D79C22 /* AppDelegate.swift in Sources */,
				C098E57023344CA500D79C22 /* Hiragana.xcdatamodeld in Sources */,
			);
			runOnlyForDeploymentPostprocessing = 0;
		};
		C098E57723344CA700D79C22 /* Sources */ = {
			isa = PBXSourcesBuildPhase;
			buildActionMask = 2147483647;
			files = (
				C098E58023344CA700D79C22 /* HiraganaTests.swift in Sources */,
			);
			runOnlyForDeploymentPostprocessing = 0;
		};
/* End PBXSourcesBuildPhase section */

/* Begin PBXTargetDependency section */
		C098E57D23344CA700D79C22 /* PBXTargetDependency */ = {
			isa = PBXTargetDependency;
			target = C098E56323344CA500D79C22 /* Hiragana */;
			targetProxy = C098E57C23344CA700D79C22 /* PBXContainerItemProxy */;
		};
/* End PBXTargetDependency section */

/* Begin PBXVariantGroup section */
		C098E56B23344CA500D79C22 /* Main.storyboard */ = {
			isa = PBXVariantGroup;
			children = (
				C098E56C23344CA500D79C22 /* Base */,
			);
			name = Main.storyboard;
			sourceTree = "<group>";
		};
		C098E57323344CA600D79C22 /* LaunchScreen.storyboard */ = {
			isa = PBXVariantGroup;
			children = (
				C098E57423344CA600D79C22 /* Base */,
			);
			name = LaunchScreen.storyboard;
			sourceTree = "<group>";
		};
/* End PBXVariantGroup section */

/* Begin XCBuildConfiguration section */
		C098E58223344CA700D79C22 /* Debug */ = {
			isa = XCBuildConfiguration;
			buildSettings = {
				ALWAYS_SEARCH_USER_PATHS = NO;
				CLANG_ANALYZER_NONNULL = YES;
				CLANG_ANALYZER_NUMBER_OBJECT_CONVERSION = YES_AGGRESSIVE;
				CLANG_CXX_LANGUAGE_STANDARD = "gnu++14";
				CLANG_CXX_LIBRARY = "libc++";
				CLANG_ENABLE_MODULES = YES;
				CLANG_ENABLE_OBJC_ARC = YES;
				CLANG_ENABLE_OBJC_WEAK = YES;
				CLANG_WARN_BLOCK_CAPTURE_AUTORELEASING = YES;
				CLANG_WARN_BOOL_CONVERSION = YES;
				CLANG_WARN_COMMA = YES;
				CLANG_WARN_CONSTANT_CONVERSION = YES;
				CLANG_WARN_DEPRECATED_OBJC_IMPLEMENTATIONS = YES;
				CLANG_WARN_DIRECT_OBJC_ISA_USAGE = YES_ERROR;
				CLANG_WARN_DOCUMENTATION_COMMENTS = YES;
				CLANG_WARN_EMPTY_BODY = YES;
				CLANG_WARN_ENUM_CONVERSION = YES;
				CLANG_WARN_INFINITE_RECURSION = YES;
				CLANG_WARN_INT_CONVERSION = YES;
				CLANG_WARN_NON_LITERAL_NULL_CONVERSION = YES;
				CLANG_WARN_OBJC_IMPLICIT_RETAIN_SELF = YES;
				CLANG_WARN_OBJC_LITERAL_CONVERSION = YES;
				CLANG_WARN_OBJC_ROOT_CLASS = YES_ERROR;
				CLANG_WARN_RANGE_LOOP_ANALYSIS = YES;
				CLANG_WARN_STRICT_PROTOTYPES = YES;
				CLANG_WARN_SUSPICIOUS_MOVE = YES;
				CLANG_WARN_UNGUARDED_AVAILABILITY = YES_AGGRESSIVE;
				CLANG_WARN_UNREACHABLE_CODE = YES;
				CLANG_WARN__DUPLICATE_METHOD_MATCH = YES;
				CODE_SIGN_IDENTITY = "iPhone Developer";
				COPY_PHASE_STRIP = NO;
				DEBUG_INFORMATION_FORMAT = dwarf;
				ENABLE_STRICT_OBJC_MSGSEND = YES;
				ENABLE_TESTABILITY = YES;
				GCC_C_LANGUAGE_STANDARD = gnu11;
				GCC_DYNAMIC_NO_PIC = NO;
				GCC_NO_COMMON_BLOCKS = YES;
				GCC_OPTIMIZATION_LEVEL = 0;
				GCC_PREPROCESSOR_DEFINITIONS = (
					"DEBUG=1",
					"$(inherited)",
				);
				GCC_WARN_64_TO_32_BIT_CONVERSION = YES;
				GCC_WARN_ABOUT_RETURN_TYPE = YES_ERROR;
				GCC_WARN_UNDECLARED_SELECTOR = YES;
				GCC_WARN_UNINITIALIZED_AUTOS = YES_AGGRESSIVE;
				GCC_WARN_UNUSED_FUNCTION = YES;
				GCC_WARN_UNUSED_VARIABLE = YES;
				IPHONEOS_DEPLOYMENT_TARGET = 12.4;
				MTL_ENABLE_DEBUG_INFO = INCLUDE_SOURCE;
				MTL_FAST_MATH = YES;
				ONLY_ACTIVE_ARCH = YES;
				SDKROOT = iphoneos;
				SWIFT_ACTIVE_COMPILATION_CONDITIONS = DEBUG;
				SWIFT_OPTIMIZATION_LEVEL = "-Onone";
			};
			name = Debug;
		};
		C098E58323344CA700D79C22 /* Release */ = {
			isa = XCBuildConfiguration;
			buildSettings = {
				ALWAYS_SEARCH_USER_PATHS = NO;
				CLANG_ANALYZER_NONNULL = YES;
				CLANG_ANALYZER_NUMBER_OBJECT_CONVERSION = YES_AGGRESSIVE;
				CLANG_CXX_LANGUAGE_STANDARD = "gnu++14";
				CLANG_CXX_LIBRARY = "libc++";
				CLANG_ENABLE_MODULES = YES;
				CLANG_ENABLE_OBJC_ARC = YES;
				CLANG_ENABLE_OBJC_WEAK = YES;
				CLANG_WARN_BLOCK_CAPTURE_AUTORELEASING = YES;
				CLANG_WARN_BOOL_CONVERSION = YES;
				CLANG_WARN_COMMA = YES;
				CLANG_WARN_CONSTANT_CONVERSION = YES;
				CLANG_WARN_DEPRECATED_OBJC_IMPLEMENTATIONS = YES;
				CLANG_WARN_DIRECT_OBJC_ISA_USAGE = YES_ERROR;
				CLANG_WARN_DOCUMENTATION_COMMENTS = YES;
				CLANG_WARN_EMPTY_BODY = YES;
				CLANG_WARN_ENUM_CONVERSION = YES;
				CLANG_WARN_INFINITE_RECURSION = YES;
				CLANG_WARN_INT_CONVERSION = YES;
				CLANG_WARN_NON_LITERAL_NULL_CONVERSION = YES;
				CLANG_WARN_OBJC_IMPLICIT_RETAIN_SELF = YES;
				CLANG_WARN_OBJC_LITERAL_CONVERSION = YES;
				CLANG_WARN_OBJC_ROOT_CLASS = YES_ERROR;
				CLANG_WARN_RANGE_LOOP_ANALYSIS = YES;
				CLANG_WARN_STRICT_PROTOTYPES = YES;
				CLANG_WARN_SUSPICIOUS_MOVE = YES;
				CLANG_WARN_UNGUARDED_AVAILABILITY = YES_AGGRESSIVE;
				CLANG_WARN_UNREACHABLE_CODE = YES;
				CLANG_WARN__DUPLICATE_METHOD_MATCH = YES;
				CODE_SIGN_IDENTITY = "iPhone Developer";
				COPY_PHASE_STRIP = NO;
				DEBUG_INFORMATION_FORMAT = "dwarf-with-dsym";
				ENABLE_NS_ASSERTIONS = NO;
				ENABLE_STRICT_OBJC_MSGSEND = YES;
				GCC_C_LANGUAGE_STANDARD = gnu11;
				GCC_NO_COMMON_BLOCKS = YES;
				GCC_WARN_64_TO_32_BIT_CONVERSION = YES;
				GCC_WARN_ABOUT_RETURN_TYPE = YES_ERROR;
				GCC_WARN_UNDECLARED_SELECTOR = YES;
				GCC_WARN_UNINITIALIZED_AUTOS = YES_AGGRESSIVE;
				GCC_WARN_UNUSED_FUNCTION = YES;
				GCC_WARN_UNUSED_VARIABLE = YES;
				IPHONEOS_DEPLOYMENT_TARGET = 12.4;
				MTL_ENABLE_DEBUG_INFO = NO;
				MTL_FAST_MATH = YES;
				SDKROOT = iphoneos;
				SWIFT_COMPILATION_MODE = wholemodule;
				SWIFT_OPTIMIZATION_LEVEL = "-O";
				VALIDATE_PRODUCT = YES;
			};
			name = Release;
		};
		C098E58523344CA700D79C22 /* Debug */ = {
			isa = XCBuildConfiguration;
			baseConfigurationReference = 94B03560C09E5661F944F380 /* Pods-Hiragana.debug.xcconfig */;
			buildSettings = {
				ASSETCATALOG_COMPILER_APPICON_NAME = AppIcon;
				CODE_SIGN_STYLE = Automatic;
				DEVELOPMENT_TEAM = PZPS844SMV;
				INFOPLIST_FILE = Hiragana/Info.plist;
				LD_RUNPATH_SEARCH_PATHS = (
					"$(inherited)",
					"@executable_path/Frameworks",
				);
				PRODUCT_BUNDLE_IDENTIFIER = com.example.Hiragana;
				PRODUCT_NAME = "$(TARGET_NAME)";
				SWIFT_VERSION = 5.0;
				TARGETED_DEVICE_FAMILY = "1,2";
			};
			name = Debug;
		};
		C098E58623344CA700D79C22 /* Release */ = {
			isa = XCBuildConfiguration;
			baseConfigurationReference = 2A93578794B7386EF073DD8C /* Pods-Hiragana.release.xcconfig */;
			buildSettings = {
				ASSETCATALOG_COMPILER_APPICON_NAME = AppIcon;
				CODE_SIGN_STYLE = Automatic;
				DEVELOPMENT_TEAM = PZPS844SMV;
				INFOPLIST_FILE = Hiragana/Info.plist;
				LD_RUNPATH_SEARCH_PATHS = (
					"$(inherited)",
					"@executable_path/Frameworks",
				);
				PRODUCT_BUNDLE_IDENTIFIER = com.example.Hiragana;
				PRODUCT_NAME = "$(TARGET_NAME)";
				SWIFT_VERSION = 5.0;
				TARGETED_DEVICE_FAMILY = "1,2";
			};
			name = Release;
		};
		C098E58823344CA700D79C22 /* Debug */ = {
			isa = XCBuildConfiguration;
			buildSettings = {
				ALWAYS_EMBED_SWIFT_STANDARD_LIBRARIES = YES;
				BUNDLE_LOADER = "$(TEST_HOST)";
				CODE_SIGN_STYLE = Automatic;
				DEVELOPMENT_TEAM = PZPS844SMV;
				INFOPLIST_FILE = HiraganaTests/Info.plist;
				LD_RUNPATH_SEARCH_PATHS = (
					"$(inherited)",
					"@executable_path/Frameworks",
					"@loader_path/Frameworks",
				);
				PRODUCT_BUNDLE_IDENTIFIER = com.example.HiraganaTests;
				PRODUCT_NAME = "$(TARGET_NAME)";
				SWIFT_VERSION = 5.0;
				TARGETED_DEVICE_FAMILY = "1,2";
				TEST_HOST = "$(BUILT_PRODUCTS_DIR)/Hiragana.app/Hiragana";
			};
			name = Debug;
		};
		C098E58923344CA700D79C22 /* Release */ = {
			isa = XCBuildConfiguration;
			buildSettings = {
				ALWAYS_EMBED_SWIFT_STANDARD_LIBRARIES = YES;
				BUNDLE_LOADER = "$(TEST_HOST)";
				CODE_SIGN_STYLE = Automatic;
				DEVELOPMENT_TEAM = PZPS844SMV;
				INFOPLIST_FILE = HiraganaTests/Info.plist;
				LD_RUNPATH_SEARCH_PATHS = (
					"$(inherited)",
					"@executable_path/Frameworks",
					"@loader_path/Frameworks",
				);
				PRODUCT_BUNDLE_IDENTIFIER = com.example.HiraganaTests;
				PRODUCT_NAME = "$(TARGET_NAME)";
				SWIFT_VERSION = 5.0;
				TARGETED_DEVICE_FAMILY = "1,2";
				TEST_HOST = "$(BUILT_PRODUCTS_DIR)/Hiragana.app/Hiragana";
			};
			name = Release;
		};
/* End XCBuildConfiguration section */

/* Begin XCConfigurationList section */
		C098E55F23344CA500D79C22 /* Build configuration list for PBXProject "Hiragana" */ = {
			isa = XCConfigurationList;
			buildConfigurations = (
				C098E58223344CA700D79C22 /* Debug */,
				C098E58323344CA700D79C22 /* Release */,
			);
			defaultConfigurationIsVisible = 0;
			defaultConfigurationName = Release;
		};
		C098E58423344CA700D79C22 /* Build configuration list for PBXNativeTarget "Hiragana" */ = {
			isa = XCConfigurationList;
			buildConfigurations = (
				C098E58523344CA700D79C22 /* Debug */,
				C098E58623344CA700D79C22 /* Release */,
			);
			defaultConfigurationIsVisible = 0;
			defaultConfigurationName = Release;
		};
		C098E58723344CA700D79C22 /* Build configuration list for PBXNativeTarget "HiraganaTests" */ = {
			isa = XCConfigurationList;
			buildConfigurations = (
				C098E58823344CA700D79C22 /* Debug */,
				C098E58923344CA700D79C22 /* Release */,
			);
			defaultConfigurationIsVisible = 0;
			defaultConfigurationName = Release;
		};
/* End XCConfigurationList section */

/* Begin XCVersionGroup section */
		C098E56E23344CA500D79C22 /* Hiragana.xcdatamodeld */ = {
			isa = XCVersionGroup;
			children = (
				C098E56F23344CA500D79C22 /* Hiragana.xcdatamodel */,
			);
			currentVersion = C098E56F23344CA500D79C22 /* Hiragana.xcdatamodel */;
			path = Hiragana.xcdatamodeld;
			sourceTree = "<group>";
			versionGroupType = wrapper.xcdatamodel;
		};
/* End XCVersionGroup section */
	};
	rootObject = C098E55C23344CA500D79C22 /* Project object */;
}
